<?xml version="1.0" encoding="utf-8"?>
<Project ToolsVersion="4.0" xmlns="http://schemas.microsoft.com/developer/msbuild/2003">
  <ItemGroup>
    <Filter Include="Platform">
      <UniqueIdentifier>{2AC788B4-1694-E3BF-3FAD-D1672BD9184E}</UniqueIdentifier>
    </Filter>
    <Filter Include="Platform\Windows">
      <UniqueIdentifier>{64FBD71A-50F4-F66C-7926-DCF1657ED678}</UniqueIdentifier>
    </Filter>
    <Filter Include="Tayo">
      <UniqueIdentifier>{02CC8C7C-EE02-8E0D-97EF-731083050A0F}</UniqueIdentifier>
    </Filter>
    <Filter Include="Tayo\Events">
      <UniqueIdentifier>{A6A1A880-1257-2176-9B4B-1B4D0700187A}</UniqueIdentifier>
    </Filter>
  </ItemGroup>
  <ItemGroup>
    <ClInclude Include="src\Platform\Windows\WindowsWindow.h">
      <Filter>Platform\Windows</Filter>
    </ClInclude>
    <ClInclude Include="src\Tayo.h" />
    <ClInclude Include="src\Tayo\Application.h">
      <Filter>Tayo</Filter>
    </ClInclude>
    <ClInclude Include="src\Tayo\Core.h">
      <Filter>Tayo</Filter>
    </ClInclude>
    <ClInclude Include="src\Tayo\EntryPoint.h">
      <Filter>Tayo</Filter>
    </ClInclude>
    <ClInclude Include="src\Tayo\Events\AppllicationEvent.h">
      <Filter>Tayo\Events</Filter>
    </ClInclude>
    <ClInclude Include="src\Tayo\Events\Event.h">
      <Filter>Tayo\Events</Filter>
    </ClInclude>
    <ClInclude Include="src\Tayo\Events\KeyEvent.h">
      <Filter>Tayo\Events</Filter>
    </ClInclude>
    <ClInclude Include="src\Tayo\Events\MouseEvent.h">
      <Filter>Tayo\Events</Filter>
    </ClInclude>
    <ClInclude Include="src\Tayo\Log.h">
      <Filter>Tayo</Filter>
    </ClInclude>
    <ClInclude Include="src\Tayo\Window.h">
      <Filter>Tayo</Filter>
    </ClInclude>
    <ClInclude Include="src\typch.h" />
  </ItemGroup>
  <ItemGroup>
    <ClCompile Include="src\Platform\Windows\WindowsWindow.cpp">
      <Filter>Platform\Windows</Filter>
    </ClCompile>
    <ClCompile Include="src\Tayo\Application.cpp">
      <Filter>Tayo</Filter>
    </ClCompile>
    <ClCompile Include="src\Tayo\Events\Event.cpp">
      <Filter>Tayo\Events</Filter>
    </ClCompile>
    <ClCompile Include="src\Tayo\Log.cpp">
      <Filter>Tayo</Filter>
    </ClCompile>
    <ClCompile Include="src\typch.cpp" />
  </ItemGroup>
</Project>