<?xml version="1.0" encoding="utf-8"?>
<Project ToolsVersion="4.0" xmlns="http://schemas.microsoft.com/developer/msbuild/2003">
  <ItemGroup>
    <Filter Include="Platform">
      <UniqueIdentifier>{2AC788B4-1694-E3BF-3FAD-D1672BD9184E}</UniqueIdentifier>
    </Filter>
    <Filter Include="Platform\OpenGL">
      <UniqueIdentifier>{1E7D2C1D-8A08-9AE1-9319-1DD6FF23F6E1}</UniqueIdentifier>
    </Filter>
    <Filter Include="Platform\Windows">
      <UniqueIdentifier>{64FBD71A-50F4-F66C-7926-DCF1657ED678}</UniqueIdentifier>
    </Filter>
    <Filter Include="Tayo">
      <UniqueIdentifier>{02CC8C7C-EE02-8E0D-97EF-731083050A0F}</UniqueIdentifier>
    </Filter>
    <Filter Include="Tayo\Events">
      <UniqueIdentifier>{A6A1A880-1257-2176-9B4B-1B4D0700187A}</UniqueIdentifier>
    </Filter>
    <Filter Include="Tayo\ImGui">
      <UniqueIdentifier>{ACBAF22A-9872-3478-017A-0DD4ED50CF68}</UniqueIdentifier>
    </Filter>
  </ItemGroup>
  <ItemGroup>
    <ClInclude Include="src\Platform\OpenGL\imgui_impl_opengl3.h">
      <Filter>Platform\OpenGL</Filter>
    </ClInclude>
    <ClInclude Include="src\Platform\Windows\WindowsWindow.h">
      <Filter>Platform\Windows</Filter>
    </ClInclude>
    <ClInclude Include="src\Tayo.h" />
    <ClInclude Include="src\Tayo\Application.h">
      <Filter>Tayo</Filter>
    </ClInclude>
    <ClInclude Include="src\Tayo\Core.h">
      <Filter>Tayo</Filter>
    </ClInclude>
    <ClInclude Include="src\Tayo\EntryPoint.h">
      <Filter>Tayo</Filter>
    </ClInclude>
    <ClInclude Include="src\Tayo\Events\ApplicationEvent.h">
      <Filter>Tayo\Events</Filter>
    </ClInclude>
    <ClInclude Include="src\Tayo\Events\Event.h">
      <Filter>Tayo\Events</Filter>
    </ClInclude>
    <ClInclude Include="src\Tayo\Events\KeyEvent.h">
      <Filter>Tayo\Events</Filter>
    </ClInclude>
    <ClInclude Include="src\Tayo\Events\MouseEvent.h">
      <Filter>Tayo\Events</Filter>
    </ClInclude>
    <ClInclude Include="src\Tayo\ImGui\ImGuiLayer.h">
      <Filter>Tayo\ImGui</Filter>
    </ClInclude>
    <ClInclude Include="src\Tayo\Layer.h">
      <Filter>Tayo</Filter>
    </ClInclude>
    <ClInclude Include="src\Tayo\LayerStack.h">
      <Filter>Tayo</Filter>
    </ClInclude>
    <ClInclude Include="src\Tayo\Log.h">
      <Filter>Tayo</Filter>
    </ClInclude>
    <ClInclude Include="src\Tayo\Window.h">
      <Filter>Tayo</Filter>
    </ClInclude>
    <ClInclude Include="src\typch.h" />
    <ClInclude Include="src\Tayo\Input.h" />
    <ClInclude Include="src\Platform\Windows\WIndowsInput.h" />
    <ClInclude Include="src\Tayo\KeyCode.h" />
    <ClInclude Include="src\Tayo\MouseCode.h" />
  </ItemGroup>
  <ItemGroup>
    <ClCompile Include="src\Platform\OpenGL\imgui_impl_opengl3.cpp">
      <Filter>Platform\OpenGL</Filter>
    </ClCompile>
    <ClCompile Include="src\Platform\Windows\WindowsWindow.cpp">
      <Filter>Platform\Windows</Filter>
    </ClCompile>
    <ClCompile Include="src\Tayo\Application.cpp">
      <Filter>Tayo</Filter>
    </ClCompile>
    <ClCompile Include="src\Tayo\ImGui\ImGuiLayer.cpp">
      <Filter>Tayo\ImGui</Filter>
    </ClCompile>
    <ClCompile Include="src\Tayo\Layer.cpp">
      <Filter>Tayo</Filter>
    </ClCompile>
    <ClCompile Include="src\Tayo\LayerStack.cpp">
      <Filter>Tayo</Filter>
    </ClCompile>
    <ClCompile Include="src\Tayo\Log.cpp">
      <Filter>Tayo</Filter>
    </ClCompile>
    <ClCompile Include="src\typch.cpp" />
    <ClCompile Include="src\Platform\Windows\WindowsInput.cpp" />
  </ItemGroup>
</Project>